
Microsoft Visual Studio Solution File, Format Version 12.00
# Visual Studio 15
VisualStudioVersion = 15.0.27004.2005
MinimumVisualStudioVersion = 10.0.40219.1
Project("{FAE04EC0-301F-11D3-BF4B-00C04F79EFBC}") = "MIConvexHull", "MIConvexHull\MIConvexHull.csproj", "{2337776D-7D0C-40AA-A439-C26C3CE24FAB}"
EndProject
Project("{FAE04EC0-301F-11D3-BF4B-00C04F79EFBC}") = "1TestEXE for MIConvexHull-2D", "Examples\1TestEXE for MIConvexHull-2D\1TestEXE for MIConvexHull-2D.csproj", "{878DB77C-3BC3-4815-B47E-A45DE7F3F3D6}"
EndProject
Project("{FAE04EC0-301F-11D3-BF4B-00C04F79EFBC}") = "2TestEXE for MIConvexHull-No Interfaces", "Examples\2TestEXE for MIConvexHull-No Interfaces\2TestEXE for MIConvexHull-No Interfaces.csproj", "{62FC0ECE-F54A-47F9-B183-0C54AE944408}"
EndProject
Project("{FAE04EC0-301F-11D3-BF4B-00C04F79EFBC}") = "3DConvexHullWPF", "Examples\3DConvexHullWPF\3DConvexHullWPF.csproj", "{5B216A40-5DFB-40F9-BEA5-157DE02D671C}"
EndProject
Project("{FAE04EC0-301F-11D3-BF4B-00C04F79EFBC}") = "4 DelaunayAndVoronoiWPF", "Examples\4 DelaunayAndVoronoiWPF\4 DelaunayAndVoronoiWPF.csproj", "{DFD3E1EF-C1B3-4431-88C4-290359B853B6}"
EndProject
Project("{FAE04EC0-301F-11D3-BF4B-00C04F79EFBC}") = "5TestEXE for MIConvexHull-6D Voronoi", "Examples\5TestEXE for MIConvexHull-6D Voronoi\5TestEXE for MIConvexHull-6D Voronoi.csproj", "{9C4F6904-847D-4717-81C5-4E5E1F6CD7CB}"
EndProject
Project("{FAE04EC0-301F-11D3-BF4B-00C04F79EFBC}") = "6Using Helix To Open Models", "Examples\6UsingHelixStudio\6Using Helix To Open Models.csproj", "{AB6A4302-6B39-4606-874C-53CE263BB2A2}"
EndProject
Project("{FAE04EC0-301F-11D3-BF4B-00C04F79EFBC}") = "7DelaunayWPF", "Examples\7DelaunayWPF\7DelaunayWPF.csproj", "{95E93B44-5470-43D4-8630-D1AC1AC4AB75}"
EndProject
Project("{FAE04EC0-301F-11D3-BF4B-00C04F79EFBC}") = "8PerformanceTests", "Examples\8PerformanceTests\8PerformanceTests.csproj", "{455D80B5-5288-4DC9-839E-02C3EE9000B2}"
EndProject
Project("{2150E333-8FDC-42A3-9474-1A3956D46DE8}") = "Examples", "Examples", "{AD3AA10C-1F0D-4A93-8103-6E49C44CE07E}"
EndProject
Project("{FAE04EC0-301F-11D3-BF4B-00C04F79EFBC}") = "9BatchConvexHullTest", "Examples\9BatchConvexHullTest\9BatchConvexHullTest.csproj", "{2EFD65A6-A23D-4DD5-8A34-CDEA408BAEA3}"
EndProject
Project("{9A19103F-16F7-4668-BE54-9A1E7A4F7556}") = "MIConvexHull.NET Standard", "MIConvexHull.NET Standard\MIConvexHull.NET Standard.csproj", "{3250DB91-B2E5-407A-B990-66B43F47A102}"
EndProject
Global
	GlobalSection(SolutionConfigurationPlatforms) = preSolution
		Debug|Any CPU = Debug|Any CPU
		Release|Any CPU = Release|Any CPU
	EndGlobalSection
	GlobalSection(ProjectConfigurationPlatforms) = postSolution
		{2337776D-7D0C-40AA-A439-C26C3CE24FAB}.Debug|Any CPU.ActiveCfg = Debug|Any CPU
		{2337776D-7D0C-40AA-A439-C26C3CE24FAB}.Debug|Any CPU.Build.0 = Debug|Any CPU
		{2337776D-7D0C-40AA-A439-C26C3CE24FAB}.Release|Any CPU.ActiveCfg = Release|Any CPU
		{2337776D-7D0C-40AA-A439-C26C3CE24FAB}.Release|Any CPU.Build.0 = Release|Any CPU
		{878DB77C-3BC3-4815-B47E-A45DE7F3F3D6}.Debug|Any CPU.ActiveCfg = Debug|Any CPU
		{878DB77C-3BC3-4815-B47E-A45DE7F3F3D6}.Debug|Any CPU.Build.0 = Debug|Any CPU
		{878DB77C-3BC3-4815-B47E-A45DE7F3F3D6}.Release|Any CPU.ActiveCfg = Release|Any CPU
		{878DB77C-3BC3-4815-B47E-A45DE7F3F3D6}.Release|Any CPU.Build.0 = Release|Any CPU
		{62FC0ECE-F54A-47F9-B183-0C54AE944408}.Debug|Any CPU.ActiveCfg = Debug|Any CPU
		{62FC0ECE-F54A-47F9-B183-0C54AE944408}.Debug|Any CPU.Build.0 = Debug|Any CPU
		{62FC0ECE-F54A-47F9-B183-0C54AE944408}.Release|Any CPU.ActiveCfg = Release|Any CPU
		{62FC0ECE-F54A-47F9-B183-0C54AE944408}.Release|Any CPU.Build.0 = Release|Any CPU
		{5B216A40-5DFB-40F9-BEA5-157DE02D671C}.Debug|Any CPU.ActiveCfg = Debug|Any CPU
		{5B216A40-5DFB-40F9-BEA5-157DE02D671C}.Debug|Any CPU.Build.0 = Debug|Any CPU
		{5B216A40-5DFB-40F9-BEA5-157DE02D671C}.Release|Any CPU.ActiveCfg = Release|Any CPU
		{5B216A40-5DFB-40F9-BEA5-157DE02D671C}.Release|Any CPU.Build.0 = Release|Any CPU
		{DFD3E1EF-C1B3-4431-88C4-290359B853B6}.Debug|Any CPU.ActiveCfg = Debug|Any CPU
		{DFD3E1EF-C1B3-4431-88C4-290359B853B6}.Debug|Any CPU.Build.0 = Debug|Any CPU
		{DFD3E1EF-C1B3-4431-88C4-290359B853B6}.Release|Any CPU.ActiveCfg = Release|Any CPU
		{DFD3E1EF-C1B3-4431-88C4-290359B853B6}.Release|Any CPU.Build.0 = Release|Any CPU
		{9C4F6904-847D-4717-81C5-4E5E1F6CD7CB}.Debug|Any CPU.ActiveCfg = Debug|Any CPU
		{9C4F6904-847D-4717-81C5-4E5E1F6CD7CB}.Debug|Any CPU.Build.0 = Debug|Any CPU
		{9C4F6904-847D-4717-81C5-4E5E1F6CD7CB}.Release|Any CPU.ActiveCfg = Release|Any CPU
		{9C4F6904-847D-4717-81C5-4E5E1F6CD7CB}.Release|Any CPU.Build.0 = Release|Any CPU
		{AB6A4302-6B39-4606-874C-53CE263BB2A2}.Debug|Any CPU.ActiveCfg = Debug|Any CPU
		{AB6A4302-6B39-4606-874C-53CE263BB2A2}.Debug|Any CPU.Build.0 = Debug|Any CPU
		{AB6A4302-6B39-4606-874C-53CE263BB2A2}.Release|Any CPU.ActiveCfg = Release|Any CPU
		{AB6A4302-6B39-4606-874C-53CE263BB2A2}.Release|Any CPU.Build.0 = Release|Any CPU
		{95E93B44-5470-43D4-8630-D1AC1AC4AB75}.Debug|Any CPU.ActiveCfg = Debug|Any CPU
		{95E93B44-5470-43D4-8630-D1AC1AC4AB75}.Debug|Any CPU.Build.0 = Debug|Any CPU
		{95E93B44-5470-43D4-8630-D1AC1AC4AB75}.Release|Any CPU.ActiveCfg = Release|Any CPU
		{95E93B44-5470-43D4-8630-D1AC1AC4AB75}.Release|Any CPU.Build.0 = Release|Any CPU
		{455D80B5-5288-4DC9-839E-02C3EE9000B2}.Debug|Any CPU.ActiveCfg = Debug|Any CPU
		{455D80B5-5288-4DC9-839E-02C3EE9000B2}.Debug|Any CPU.Build.0 = Debug|Any CPU
		{455D80B5-5288-4DC9-839E-02C3EE9000B2}.Release|Any CPU.ActiveCfg = Release|Any CPU
		{455D80B5-5288-4DC9-839E-02C3EE9000B2}.Release|Any CPU.Build.0 = Release|Any CPU
		{2EFD65A6-A23D-4DD5-8A34-CDEA408BAEA3}.Debug|Any CPU.ActiveCfg = Debug|Any CPU
		{2EFD65A6-A23D-4DD5-8A34-CDEA408BAEA3}.Debug|Any CPU.Build.0 = Debug|Any CPU
		{2EFD65A6-A23D-4DD5-8A34-CDEA408BAEA3}.Release|Any CPU.ActiveCfg = Release|Any CPU
		{2EFD65A6-A23D-4DD5-8A34-CDEA408BAEA3}.Release|Any CPU.Build.0 = Release|Any CPU
		{3250DB91-B2E5-407A-B990-66B43F47A102}.Debug|Any CPU.ActiveCfg = Debug|Any CPU
		{3250DB91-B2E5-407A-B990-66B43F47A102}.Debug|Any CPU.Build.0 = Debug|Any CPU
		{3250DB91-B2E5-407A-B990-66B43F47A102}.Release|Any CPU.ActiveCfg = Release|Any CPU
		{3250DB91-B2E5-407A-B990-66B43F47A102}.Release|Any CPU.Build.0 = Release|Any CPU
	EndGlobalSection
	GlobalSection(SolutionProperties) = preSolution
		HideSolutionNode = FALSE
	EndGlobalSection
	GlobalSection(NestedProjects) = preSolution
		{878DB77C-3BC3-4815-B47E-A45DE7F3F3D6} = {AD3AA10C-1F0D-4A93-8103-6E49C44CE07E}
		{62FC0ECE-F54A-47F9-B183-0C54AE944408} = {AD3AA10C-1F0D-4A93-8103-6E49C44CE07E}
		{5B216A40-5DFB-40F9-BEA5-157DE02D671C} = {AD3AA10C-1F0D-4A93-8103-6E49C44CE07E}
		{DFD3E1EF-C1B3-4431-88C4-290359B853B6} = {AD3AA10C-1F0D-4A93-8103-6E49C44CE07E}
		{9C4F6904-847D-4717-81C5-4E5E1F6CD7CB} = {AD3AA10C-1F0D-4A93-8103-6E49C44CE07E}
		{AB6A4302-6B39-4606-874C-53CE263BB2A2} = {AD3AA10C-1F0D-4A93-8103-6E49C44CE07E}
		{95E93B44-5470-43D4-8630-D1AC1AC4AB75} = {AD3AA10C-1F0D-4A93-8103-6E49C44CE07E}
		{455D80B5-5288-4DC9-839E-02C3EE9000B2} = {AD3AA10C-1F0D-4A93-8103-6E49C44CE07E}
		{2EFD65A6-A23D-4DD5-8A34-CDEA408BAEA3} = {AD3AA10C-1F0D-4A93-8103-6E49C44CE07E}
	EndGlobalSection
	GlobalSection(ExtensibilityGlobals) = postSolution
		SolutionGuid = {D14A2DAD-5426-416A-9FBC-B777BC3392B4}
	EndGlobalSection
EndGlobal
